{
  "name": "swc-register-issue",
  "version": "1.0.0",
  "lockfileVersion": 2,
  "requires": true,
  "packages": {
    "": {
      "name": "swc-register-issue",
      "version": "1.0.0",
      "license": "ISC",
      "dependencies": {
        "@swc/core": "^1.2.129",
        "@swc/register": "0.1.9"
      }
    },
    "node_modules/@napi-rs/triples": {
      "version": "1.1.0",
      "resolved": "https://registry.npmjs.org/@napi-rs/triples/-/triples-1.1.0.tgz",
      "integrity": "sha512-XQr74QaLeMiqhStEhLn1im9EOMnkypp7MZOwQhGzqp2Weu5eQJbpPxWxixxlYRKWPOmJjsk6qYfYH9kq43yc2w=="
    },
    "node_modules/@node-rs/helper": {
      "version": "1.3.2",
      "resolved": "https://registry.npmjs.org/@node-rs/helper/-/helper-1.3.2.tgz",
      "integrity": "sha512-cjP3xk/x8YQP4bsg9CdzxC86olR2lLkTUR1LB9UtOZElMht3SzE/+X3ZYJfIeOzxfKcDA4uABg+/1JRgkx/Puw==",
      "dependencies": {
        "@napi-rs/triples": "^1.1.0"
      }
    },
    "node_modules/@swc/core": {
      "version": "1.2.129",
      "resolved": "https://registry.npmjs.org/@swc/core/-/core-1.2.129.tgz",
      "integrity": "sha512-Ay2Vt/uI+vRn6Nu5nRTjcuRlXejN5VfYOCCsNGqA5DIrhO0VSwxyOncL/kYlGtzE5XhYBE5eU8QIkRC+koI/fw==",
      "dependencies": {
        "@node-rs/helper": "^1.0.0"
      },
      "engines": {
        "node": ">=10"
      },
      "funding": {
        "type": "opencollective",
        "url": "https://opencollective.com/swc"
      },
      "optionalDependencies": {
        "@swc/core-android-arm-eabi": "1.2.129",
        "@swc/core-android-arm64": "1.2.129",
        "@swc/core-darwin-arm64": "1.2.129",
        "@swc/core-darwin-x64": "1.2.129",
        "@swc/core-freebsd-x64": "1.2.129",
        "@swc/core-linux-arm-gnueabihf": "1.2.129",
        "@swc/core-linux-arm64-gnu": "1.2.129",
        "@swc/core-linux-arm64-musl": "1.2.129",
        "@swc/core-linux-x64-gnu": "1.2.129",
        "@swc/core-linux-x64-musl": "1.2.129",
        "@swc/core-win32-arm64-msvc": "1.2.129",
        "@swc/core-win32-ia32-msvc": "1.2.129",
        "@swc/core-win32-x64-msvc": "1.2.129"
      }
    },
    "node_modules/@swc/core-android-arm-eabi": {
      "version": "1.2.129",
      "resolved": "https://registry.npmjs.org/@swc/core-android-arm-eabi/-/core-android-arm-eabi-1.2.129.tgz",
      "integrity": "sha512-5/q+32xm9Ile5NWJeGKa3UhPrMxjx6rVph7yauJlzOOxPsE3v7vhKhBFBkNMzlscoKbC4PFyu54xaRR8TTvrww==",
      "cpu": [
        "arm"
      ],
      "optional": true,
      "os": [
        "android"
      ],
      "engines": {
        "node": ">=10"
      }
    },
    "node_modules/@swc/core-android-arm64": {
      "version": "1.2.129",
      "resolved": "https://registry.npmjs.org/@swc/core-android-arm64/-/core-android-arm64-1.2.129.tgz",
      "integrity": "sha512-e8n8g5BLQFXxOP/t6KY5JlK/40L+opjZyUZb3NHLuvFct7p9j5QpSPR8jkDYBPzvD75N7cPNE1KxPaU7QT5qYQ==",
      "cpu": [
        "arm64"
      ],
      "optional": true,
      "os": [
        "android"
      ],
      "engines": {
        "node": ">=10"
      }
    },
    "node_modules/@swc/core-darwin-arm64": {
      "version": "1.2.129",
      "resolved": "https://registry.npmjs.org/@swc/core-darwin-arm64/-/core-darwin-arm64-1.2.129.tgz",
      "integrity": "sha512-l86EpZb73PKFaOYR1Wsd3kXCz1/vgBrBLGB9JzKNTiH0yVDtRWl5PonMhntUBdg6AzwZToyeAumLWZ3Xo21GqQ==",
      "cpu": [
        "arm64"
      ],
      "optional": true,
      "os": [
        "darwin"
      ],
      "engines": {
        "node": ">=10"
      }
    },
    "node_modules/@swc/core-darwin-x64": {
      "version": "1.2.129",
      "resolved": "https://registry.npmjs.org/@swc/core-darwin-x64/-/core-darwin-x64-1.2.129.tgz",
      "integrity": "sha512-yd1hMErfoF4xrjt9jj/qWDtR74/5eCDc4+kSbe/hkZ4lCXaYpE8Po962trPgUd+mCLkW58ElArGP3uEPXvJofQ==",
      "cpu": [
        "x64"
      ],
      "optional": true,
      "os": [
        "darwin"
      ],
      "engines": {
        "node": ">=10"
      }
    },
    "node_modules/@swc/core-freebsd-x64": {
      "version": "1.2.129",
      "resolved": "https://registry.npmjs.org/@swc/core-freebsd-x64/-/core-freebsd-x64-1.2.129.tgz",
      "integrity": "sha512-u0ONxga6YOH1Bt0nihwtWPjLM/nB0x1RfK5R/J1xTZyV3d5AMu4Dp2LQi37K6gT9BIto/h7h2wTuHtgqhIDA+g==",
      "cpu": [
        "x64"
      ],
      "optional": true,
      "os": [
        "freebsd"
      ],
      "engines": {
        "node": ">=10"
      }
    },
    "node_modules/@swc/core-linux-arm-gnueabihf": {
      "version": "1.2.129",
      "resolved": "https://registry.npmjs.org/@swc/core-linux-arm-gnueabihf/-/core-linux-arm-gnueabihf-1.2.129.tgz",
      "integrity": "sha512-Tr3IwKRASqSFJnv1NV+fHunIGh0lqRY89GDwEiGbWnEiEIrviRdFdQd3w+zJk3SQFj9raaZTZoWuAfHduePSwg==",
      "cpu": [
        "arm"
      ],
      "optional": true,
      "os": [
        "linux"
      ],
      "engines": {
        "node": ">=10"
      }
    },
    "node_modules/@swc/core-linux-arm64-gnu": {
      "version": "1.2.129",
      "resolved": "https://registry.npmjs.org/@swc/core-linux-arm64-gnu/-/core-linux-arm64-gnu-1.2.129.tgz",
      "integrity": "sha512-r0SrNxI1ZLZLvkl3a2UeGBEGiylL9XKKFbrlWebvgsZcRA3fzBiuJ3NVHO0PzE4S4+KvV73sCwA9MusFv28jvQ==",
      "cpu": [
        "arm64"
      ],
      "optional": true,
      "os": [
        "linux"
      ],
      "engines": {
        "node": ">=10"
      }
    },
    "node_modules/@swc/core-linux-arm64-musl": {
      "version": "1.2.129",
      "resolved": "https://registry.npmjs.org/@swc/core-linux-arm64-musl/-/core-linux-arm64-musl-1.2.129.tgz",
      "integrity": "sha512-8BBLmBDsGm+/rrZ8AAk9AktemnVxe1m9csZ5OElzyvqcsHWjqfION657Ae1UEzUtFTzdeP5Lx0WeEqigBu2W8A==",
      "cpu": [
        "arm64"
      ],
      "optional": true,
      "os": [
        "linux"
      ],
      "engines": {
        "node": ">=10"
      }
    },
    "node_modules/@swc/core-linux-x64-gnu": {
      "version": "1.2.129",
      "resolved": "https://registry.npmjs.org/@swc/core-linux-x64-gnu/-/core-linux-x64-gnu-1.2.129.tgz",
      "integrity": "sha512-iL4sM+0pLD0V2H6QJrkFpvL6hjWzjEMww8peXG/+0b1jXleD0GuN+NuguMmZHEbr64+uqm2KFA9ctKyTBH9aQQ==",
      "cpu": [
        "x64"
      ],
      "optional": true,
      "os": [
        "linux"
      ],
      "engines": {
        "node": ">=10"
      }
    },
    "node_modules/@swc/core-linux-x64-musl": {
      "version": "1.2.129",
      "resolved": "https://registry.npmjs.org/@swc/core-linux-x64-musl/-/core-linux-x64-musl-1.2.129.tgz",
      "integrity": "sha512-4RKrA1KhQVx6no5AxO7lqwnijYAx1GQ1v0xywiiYSrQkDxi2Q+yAqxDvWS9UT2LtEaOO9HzCr3vWEoHp+wDd2w==",
      "cpu": [
        "x64"
      ],
      "optional": true,
      "os": [
        "linux"
      ],
      "engines": {
        "node": ">=10"
      }
    },
    "node_modules/@swc/core-win32-arm64-msvc": {
      "version": "1.2.129",
      "resolved": "https://registry.npmjs.org/@swc/core-win32-arm64-msvc/-/core-win32-arm64-msvc-1.2.129.tgz",
      "integrity": "sha512-Qrh0vytLHzkZezHemNcZFQSj3AQ559WA35Dwzt7BO6a0UvwjHAJHdKSIaF8pYeVdr44VcwqcS0BO9D7rDHWNkQ==",
      "cpu": [
        "arm64"
      ],
      "optional": true,
      "os": [
        "win32"
      ],
      "engines": {
        "node": ">=10"
      }
    },
    "node_modules/@swc/core-win32-ia32-msvc": {
      "version": "1.2.129",
      "resolved": "https://registry.npmjs.org/@swc/core-win32-ia32-msvc/-/core-win32-ia32-msvc-1.2.129.tgz",
      "integrity": "sha512-wXUqCoQeH0ktOEPkAJXwt4KAhrChmDJD82ydJzkrDFyFyQnY5axBFDLX1XespsI5eNRxzag/FemewMbagnHoSw==",
      "cpu": [
        "ia32"
      ],
      "optional": true,
      "os": [
        "win32"
      ],
      "engines": {
        "node": ">=10"
      }
    },
    "node_modules/@swc/core-win32-x64-msvc": {
      "version": "1.2.129",
      "resolved": "https://registry.npmjs.org/@swc/core-win32-x64-msvc/-/core-win32-x64-msvc-1.2.129.tgz",
      "integrity": "sha512-SqfiGn1KTlunTK42gtJ7XUP0IaVkYKQAfBEP6PT+t5xoQVcxOla5lR8cvoN5b2wQkFUL/yLkc+HuFjzi5vdppg==",
      "cpu": [
        "x64"
      ],
      "optional": true,
      "os": [
        "win32"
      ],
      "engines": {
        "node": ">=10"
      }
    },
    "node_modules/@swc/register": {
      "version": "0.1.9",
      "resolved": "https://registry.npmjs.org/@swc/register/-/register-0.1.9.tgz",
      "integrity": "sha512-/HuYKPuzroGPowMmTRmwJ2C0E7isp4bIYdui7pkRqbzY2atW5fsNOb/zNNP6UTRfbuq6yzF1Mtmxw2sPzG2sTQ==",
      "dependencies": {
        "lodash.clonedeep": "^4.5.0",
        "pirates": "^4.0.1",
        "source-map-support": "^0.5.13"
      },
      "bin": {
        "swc-node": "bin/swc-node"
      },
      "peerDependencies": {
        "@swc/core": "^1.0.46"
      }
    },
    "node_modules/buffer-from": {
      "version": "1.1.2",
      "resolved": "https://registry.npmjs.org/buffer-from/-/buffer-from-1.1.2.tgz",
      "integrity": "sha512-E+XQCRwSbaaiChtv6k6Dwgc+bx+Bs6vuKJHHl5kox/BaKbhiXzqQOwK4cO22yElGp2OCmjwVhT3HmxgyPGnJfQ=="
    },
    "node_modules/lodash.clonedeep": {
      "version": "4.5.0",
      "resolved": "https://registry.npmjs.org/lodash.clonedeep/-/lodash.clonedeep-4.5.0.tgz",
      "integrity": "sha1-4j8/nE+Pvd6HJSnBBxhXoIblzO8="
    },
    "node_modules/pirates": {
      "version": "4.0.4",
      "resolved": "https://registry.npmjs.org/pirates/-/pirates-4.0.4.tgz",
      "integrity": "sha512-ZIrVPH+A52Dw84R0L3/VS9Op04PuQ2SEoJL6bkshmiTic/HldyW9Tf7oH5mhJZBK7NmDx27vSMrYEXPXclpDKw==",
      "engines": {
        "node": ">= 6"
      }
    },
    "node_modules/source-map": {
      "version": "0.6.1",
      "resolved": "https://registry.npmjs.org/source-map/-/source-map-0.6.1.tgz",
      "integrity": "sha512-UjgapumWlbMhkBgzT7Ykc5YXUT46F0iKu8SGXq0bcwP5dz/h0Plj6enJqjz1Zbq2l5WaqYnrVbwWOWMyF3F47g==",
      "engines": {
        "node": ">=0.10.0"
      }
    },
    "node_modules/source-map-support": {
      "version": "0.5.21",
      "resolved": "https://registry.npmjs.org/source-map-support/-/source-map-support-0.5.21.tgz",
      "integrity": "sha512-uBHU3L3czsIyYXKX88fdrGovxdSCoTGDRZ6SYXtSRxLZUzHg5P/66Ht6uoUlHu9EZod+inXhKo3qQgwXUT/y1w==",
      "dependencies": {
        "buffer-from": "^1.0.0",
        "source-map": "^0.6.0"
      }
    }
  },
  "dependencies": {
    "@napi-rs/triples": {
      "version": "1.1.0",
      "resolved": "https://registry.npmjs.org/@napi-rs/triples/-/triples-1.1.0.tgz",
      "integrity": "sha512-XQr74QaLeMiqhStEhLn1im9EOMnkypp7MZOwQhGzqp2Weu5eQJbpPxWxixxlYRKWPOmJjsk6qYfYH9kq43yc2w=="
    },
    "@node-rs/helper": {
      "version": "1.3.2",
      "resolved": "https://registry.npmjs.org/@node-rs/helper/-/helper-1.3.2.tgz",
      "integrity": "sha512-cjP3xk/x8YQP4bsg9CdzxC86olR2lLkTUR1LB9UtOZElMht3SzE/+X3ZYJfIeOzxfKcDA4uABg+/1JRgkx/Puw==",
      "requires": {
        "@napi-rs/triples": "^1.1.0"
      }
    },
    "@swc/core": {
      "version": "1.2.129",
      "resolved": "https://registry.npmjs.org/@swc/core/-/core-1.2.129.tgz",
      "integrity": "sha512-Ay2Vt/uI+vRn6Nu5nRTjcuRlXejN5VfYOCCsNGqA5DIrhO0VSwxyOncL/kYlGtzE5XhYBE5eU8QIkRC+koI/fw==",
      "requires": {
        "@node-rs/helper": "^1.0.0",
        "@swc/core-android-arm-eabi": "1.2.129",
        "@swc/core-android-arm64": "1.2.129",
        "@swc/core-darwin-arm64": "1.2.129",
        "@swc/core-darwin-x64": "1.2.129",
        "@swc/core-freebsd-x64": "1.2.129",
        "@swc/core-linux-arm-gnueabihf": "1.2.129",
        "@swc/core-linux-arm64-gnu": "1.2.129",
        "@swc/core-linux-arm64-musl": "1.2.129",
        "@swc/core-linux-x64-gnu": "1.2.129",
        "@swc/core-linux-x64-musl": "1.2.129",
        "@swc/core-win32-arm64-msvc": "1.2.129",
        "@swc/core-win32-ia32-msvc": "1.2.129",
        "@swc/core-win32-x64-msvc": "1.2.129"
      }
    },
    "@swc/core-android-arm-eabi": {
      "version": "1.2.129",
      "resolved": "https://registry.npmjs.org/@swc/core-android-arm-eabi/-/core-android-arm-eabi-1.2.129.tgz",
      "integrity": "sha512-5/q+32xm9Ile5NWJeGKa3UhPrMxjx6rVph7yauJlzOOxPsE3v7vhKhBFBkNMzlscoKbC4PFyu54xaRR8TTvrww==",
      "optional": true
    },
    "@swc/core-android-arm64": {
      "version": "1.2.129",
      "resolved": "https://registry.npmjs.org/@swc/core-android-arm64/-/core-android-arm64-1.2.129.tgz",
      "integrity": "sha512-e8n8g5BLQFXxOP/t6KY5JlK/40L+opjZyUZb3NHLuvFct7p9j5QpSPR8jkDYBPzvD75N7cPNE1KxPaU7QT5qYQ==",
      "optional": true
    },
    "@swc/core-darwin-arm64": {
      "version": "1.2.129",
      "resolved": "https://registry.npmjs.org/@swc/core-darwin-arm64/-/core-darwin-arm64-1.2.129.tgz",
      "integrity": "sha512-l86EpZb73PKFaOYR1Wsd3kXCz1/vgBrBLGB9JzKNTiH0yVDtRWl5PonMhntUBdg6AzwZToyeAumLWZ3Xo21GqQ==",
      "optional": true
    },
    "@swc/core-darwin-x64": {
      "version": "1.2.129",
      "resolved": "https://registry.npmjs.org/@swc/core-darwin-x64/-/core-darwin-x64-1.2.129.tgz",
      "integrity": "sha512-yd1hMErfoF4xrjt9jj/qWDtR74/5eCDc4+kSbe/hkZ4lCXaYpE8Po962trPgUd+mCLkW58ElArGP3uEPXvJofQ==",
      "optional": true
    },
    "@swc/core-freebsd-x64": {
      "version": "1.2.129",
      "resolved": "https://registry.npmjs.org/@swc/core-freebsd-x64/-/core-freebsd-x64-1.2.129.tgz",
      "integrity": "sha512-u0ONxga6YOH1Bt0nihwtWPjLM/nB0x1RfK5R/J1xTZyV3d5AMu4Dp2LQi37K6gT9BIto/h7h2wTuHtgqhIDA+g==",
      "optional": true
    },
    "@swc/core-linux-arm-gnueabihf": {
      "version": "1.2.129",
      "resolved": "https://registry.npmjs.org/@swc/core-linux-arm-gnueabihf/-/core-linux-arm-gnueabihf-1.2.129.tgz",
      "integrity": "sha512-Tr3IwKRASqSFJnv1NV+fHunIGh0lqRY89GDwEiGbWnEiEIrviRdFdQd3w+zJk3SQFj9raaZTZoWuAfHduePSwg==",
      "optional": true
    },
    "@swc/core-linux-arm64-gnu": {
      "version": "1.2.129",
      "resolved": "https://registry.npmjs.org/@swc/core-linux-arm64-gnu/-/core-linux-arm64-gnu-1.2.129.tgz",
      "integrity": "sha512-r0SrNxI1ZLZLvkl3a2UeGBEGiylL9XKKFbrlWebvgsZcRA3fzBiuJ3NVHO0PzE4S4+KvV73sCwA9MusFv28jvQ==",
      "optional": true
    },
    "@swc/core-linux-arm64-musl": {
      "version": "1.2.129",
      "resolved": "https://registry.npmjs.org/@swc/core-linux-arm64-musl/-/core-linux-arm64-musl-1.2.129.tgz",
      "integrity": "sha512-8BBLmBDsGm+/rrZ8AAk9AktemnVxe1m9csZ5OElzyvqcsHWjqfION657Ae1UEzUtFTzdeP5Lx0WeEqigBu2W8A==",
      "optional": true
    },
    "@swc/core-linux-x64-gnu": {
      "version": "1.2.129",
      "resolved": "https://registry.npmjs.org/@swc/core-linux-x64-gnu/-/core-linux-x64-gnu-1.2.129.tgz",
      "integrity": "sha512-iL4sM+0pLD0V2H6QJrkFpvL6hjWzjEMww8peXG/+0b1jXleD0GuN+NuguMmZHEbr64+uqm2KFA9ctKyTBH9aQQ==",
      "optional": true
    },
    "@swc/core-linux-x64-musl": {
      "version": "1.2.129",
      "resolved": "https://registry.npmjs.org/@swc/core-linux-x64-musl/-/core-linux-x64-musl-1.2.129.tgz",
      "integrity": "sha512-4RKrA1KhQVx6no5AxO7lqwnijYAx1GQ1v0xywiiYSrQkDxi2Q+yAqxDvWS9UT2LtEaOO9HzCr3vWEoHp+wDd2w==",
      "optional": true
    },
    "@swc/core-win32-arm64-msvc": {
      "version": "1.2.129",
      "resolved": "https://registry.npmjs.org/@swc/core-win32-arm64-msvc/-/core-win32-arm64-msvc-1.2.129.tgz",
      "integrity": "sha512-Qrh0vytLHzkZezHemNcZFQSj3AQ559WA35Dwzt7BO6a0UvwjHAJHdKSIaF8pYeVdr44VcwqcS0BO9D7rDHWNkQ==",
      "optional": true
    },
    "@swc/core-win32-ia32-msvc": {
      "version": "1.2.129",
      "resolved": "https://registry.npmjs.org/@swc/core-win32-ia32-msvc/-/core-win32-ia32-msvc-1.2.129.tgz",
      "integrity": "sha512-wXUqCoQeH0ktOEPkAJXwt4KAhrChmDJD82ydJzkrDFyFyQnY5axBFDLX1XespsI5eNRxzag/FemewMbagnHoSw==",
      "optional": true
    },
    "@swc/core-win32-x64-msvc": {
      "version": "1.2.129",
      "resolved": "https://registry.npmjs.org/@swc/core-win32-x64-msvc/-/core-win32-x64-msvc-1.2.129.tgz",
      "integrity": "sha512-SqfiGn1KTlunTK42gtJ7XUP0IaVkYKQAfBEP6PT+t5xoQVcxOla5lR8cvoN5b2wQkFUL/yLkc+HuFjzi5vdppg==",
      "optional": true
    },
    "@swc/register": {
      "version": "0.1.9",
      "resolved": "https://registry.npmjs.org/@swc/register/-/register-0.1.9.tgz",
      "integrity": "sha512-/HuYKPuzroGPowMmTRmwJ2C0E7isp4bIYdui7pkRqbzY2atW5fsNOb/zNNP6UTRfbuq6yzF1Mtmxw2sPzG2sTQ==",
      "requires": {
        "lodash.clonedeep": "^4.5.0",
        "pirates": "^4.0.1",
        "source-map-support": "^0.5.13"
      }
    },
    "buffer-from": {
      "version": "1.1.2",
      "resolved": "https://registry.npmjs.org/buffer-from/-/buffer-from-1.1.2.tgz",
      "integrity": "sha512-E+XQCRwSbaaiChtv6k6Dwgc+bx+Bs6vuKJHHl5kox/BaKbhiXzqQOwK4cO22yElGp2OCmjwVhT3HmxgyPGnJfQ=="
    },
    "lodash.clonedeep": {
      "version": "4.5.0",
      "resolved": "https://registry.npmjs.org/lodash.clonedeep/-/lodash.clonedeep-4.5.0.tgz",
      "integrity": "sha1-4j8/nE+Pvd6HJSnBBxhXoIblzO8="
    },
    "pirates": {
      "version": "4.0.4",
      "resolved": "https://registry.npmjs.org/pirates/-/pirates-4.0.4.tgz",
      "integrity": "sha512-ZIrVPH+A52Dw84R0L3/VS9Op04PuQ2SEoJL6bkshmiTic/HldyW9Tf7oH5mhJZBK7NmDx27vSMrYEXPXclpDKw=="
    },
    "source-map": {
      "version": "0.6.1",
      "resolved": "https://registry.npmjs.org/source-map/-/source-map-0.6.1.tgz",
      "integrity": "sha512-UjgapumWlbMhkBgzT7Ykc5YXUT46F0iKu8SGXq0bcwP5dz/h0Plj6enJqjz1Zbq2l5WaqYnrVbwWOWMyF3F47g=="
    },
    "source-map-support": {
      "version": "0.5.21",
      "resolved": "https://registry.npmjs.org/source-map-support/-/source-map-support-0.5.21.tgz",
      "integrity": "sha512-uBHU3L3czsIyYXKX88fdrGovxdSCoTGDRZ6SYXtSRxLZUzHg5P/66Ht6uoUlHu9EZod+inXhKo3qQgwXUT/y1w==",
      "requires": {
        "buffer-from": "^1.0.0",
        "source-map": "^0.6.0"
      }
    }
  }
}
